
Microsoft Visual Studio Solution File, Format Version 12.00
# Visual Studio Version 17
VisualStudioVersion = 17.7.34202.233
MinimumVisualStudioVersion = 10.0.40219.1
Project("{9A19103F-16F7-4668-BE54-9A1E7A4F7556}") = "AwesomeShopPatterns.API", "AwesomeShopPatterns.API.csproj", "{83D8BFF0-C47F-4DD6-93B3-1EE2EA3DE0EC}"
EndProject
Global
	GlobalSection(SolutionConfigurationPlatforms) = preSolution
		Debug|Any CPU = Debug|Any CPU
		Release|Any CPU = Release|Any CPU
	EndGlobalSection
	GlobalSection(ProjectConfigurationPlatforms) = postSolution
		{83D8BFF0-C47F-4DD6-93B3-1EE2EA3DE0EC}.Debug|Any CPU.ActiveCfg = Debug|Any CPU
		{83D8BFF0-C47F-4DD6-93B3-1EE2EA3DE0EC}.Debug|Any CPU.Build.0 = Debug|Any CPU
		{83D8BFF0-C47F-4DD6-93B3-1EE2EA3DE0EC}.Release|Any CPU.ActiveCfg = Release|Any CPU
		{83D8BFF0-C47F-4DD6-93B3-1EE2EA3DE0EC}.Release|Any CPU.Build.0 = Release|Any CPU
	EndGlobalSection
	GlobalSection(SolutionProperties) = preSolution
		HideSolutionNode = FALSE
	EndGlobalSection
	GlobalSection(ExtensibilityGlobals) = postSolution
		SolutionGuid = {CD6BF748-D6CD-4003-A30F-E3647187A34C}
	EndGlobalSection
EndGlobal
